
Microsoft Visual Studio Solution File, Format Version 12.00
# Visual Studio Version 16
VisualStudioVersion = 16.0.31005.135
MinimumVisualStudioVersion = 10.0.40219.1
Project("{FAE04EC0-301F-11D3-BF4B-00C04F79EFBC}") = "MyName", "MyName\MyName.csproj", "{B6CB89AE-A5E6-440E-9EF0-783B8F075C7E}"
EndProject
Global
	GlobalSection(SolutionConfigurationPlatforms) = preSolution
		Debug|Any CPU = Debug|Any CPU
		Release|Any CPU = Release|Any CPU
	EndGlobalSection
	GlobalSection(ProjectConfigurationPlatforms) = postSolution
		{B6CB89AE-A5E6-440E-9EF0-783B8F075C7E}.Debug|Any CPU.ActiveCfg = Debug|Any CPU
		{B6CB89AE-A5E6-440E-9EF0-783B8F075C7E}.Debug|Any CPU.Build.0 = Debug|Any CPU
		{B6CB89AE-A5E6-440E-9EF0-783B8F075C7E}.Release|Any CPU.ActiveCfg = Release|Any CPU
		{B6CB89AE-A5E6-440E-9EF0-783B8F075C7E}.Release|Any CPU.Build.0 = Release|Any CPU
	EndGlobalSection
	GlobalSection(SolutionProperties) = preSolution
		HideSolutionNode = FALSE
	EndGlobalSection
	GlobalSection(ExtensibilityGlobals) = postSolution
		SolutionGuid = {ED845CDA-A16A-491C-AB8A-E2F88D768484}
	EndGlobalSection
EndGlobal
